
Microsoft Visual Studio Solution File, Format Version 12.00
# Visual Studio Version 17
VisualStudioVersion = 17.9.34714.143
MinimumVisualStudioVersion = 10.0.40219.1
Project("{9A19103F-16F7-4668-BE54-9A1E7A4F7556}") = "MTT.Domain", "MTT.Domain\MTT.Domain.csproj", "{A92D5578-E434-4468-99EC-EAD514A73D2B}"
EndProject
Project("{9A19103F-16F7-4668-BE54-9A1E7A4F7556}") = "MTT.Infra.Data", "MTT.Infra.Data\MTT.Infra.Data.csproj", "{5FD65789-A5B4-4830-B848-CDF8DD6FD190}"
EndProject
Project("{9A19103F-16F7-4668-BE54-9A1E7A4F7556}") = "MTT.Application", "MTT.Application\MTT.Application.csproj", "{0B562AED-62E5-41F9-95C0-71F550B9AAFA}"
EndProject
Project("{9A19103F-16F7-4668-BE54-9A1E7A4F7556}") = "MTT.Infra.Broker", "MTT.Infra.Broker\MTT.Infra.Broker.csproj", "{E2DBC1C1-F2D8-4966-8A87-9D2470E77921}"
EndProject
Project("{2150E333-8FDC-42A3-9474-1A3956D46DE8}") = "1 - Application", "1 - Application", "{7F38F1EC-4185-4BD5-A9C5-CAFA6F3D2111}"
EndProject
Project("{2150E333-8FDC-42A3-9474-1A3956D46DE8}") = "2 - Presentation", "2 - Presentation", "{49712D5E-73C6-4929-A1C4-4E67405C960F}"
EndProject
Project("{2150E333-8FDC-42A3-9474-1A3956D46DE8}") = "4 - Tests", "4 - Tests", "{AE770859-0010-4936-AB8C-17955D22F619}"
EndProject
Project("{9A19103F-16F7-4668-BE54-9A1E7A4F7556}") = "MTT.WebApi", "MTT.WebApi\MTT.WebApi.csproj", "{BBC43816-3344-4961-8828-D6DB17FB566B}"
EndProject
Project("{9A19103F-16F7-4668-BE54-9A1E7A4F7556}") = "MTT.WebApi.IntegrationTests", "MTT.WebApi.IntegrationTests\MTT.WebApi.IntegrationTests.csproj", "{EC100B06-136D-4149-8FDA-2C3AD640DDC0}"
EndProject
Project("{9A19103F-16F7-4668-BE54-9A1E7A4F7556}") = "MTT.Application.UnitTest", "MTT.Application.UnitTest\MTT.Application.UnitTest.csproj", "{14EBC067-C369-44E4-BDF3-B631FF83DBF5}"
EndProject
Project("{9A19103F-16F7-4668-BE54-9A1E7A4F7556}") = "MTT.Infra.Storage", "MTT.Infra.Storage\MTT.Infra.Storage.csproj", "{4EA7FA3E-7985-41E9-A579-5A0626640CB6}"
EndProject
Project("{2150E333-8FDC-42A3-9474-1A3956D46DE8}") = "3 - Workers", "3 - Workers", "{C3D102D3-94B3-48E5-AAB6-006DE79A2A03}"
EndProject
Project("{9A19103F-16F7-4668-BE54-9A1E7A4F7556}") = "MTT.MotoWorker", "MTT.MotoWorker\MTT.MotoWorker.csproj", "{94BE3688-0B27-42AF-B8AB-6DA631CE289F}"
	ProjectSection(ProjectDependencies) = postProject
		{A92D5578-E434-4468-99EC-EAD514A73D2B} = {A92D5578-E434-4468-99EC-EAD514A73D2B}
	EndProjectSection
EndProject
Global
	GlobalSection(SolutionConfigurationPlatforms) = preSolution
		Debug|Any CPU = Debug|Any CPU
		Release|Any CPU = Release|Any CPU
	EndGlobalSection
	GlobalSection(ProjectConfigurationPlatforms) = postSolution
		{A92D5578-E434-4468-99EC-EAD514A73D2B}.Debug|Any CPU.ActiveCfg = Debug|Any CPU
		{A92D5578-E434-4468-99EC-EAD514A73D2B}.Debug|Any CPU.Build.0 = Debug|Any CPU
		{A92D5578-E434-4468-99EC-EAD514A73D2B}.Release|Any CPU.ActiveCfg = Release|Any CPU
		{A92D5578-E434-4468-99EC-EAD514A73D2B}.Release|Any CPU.Build.0 = Release|Any CPU
		{5FD65789-A5B4-4830-B848-CDF8DD6FD190}.Debug|Any CPU.ActiveCfg = Debug|Any CPU
		{5FD65789-A5B4-4830-B848-CDF8DD6FD190}.Debug|Any CPU.Build.0 = Debug|Any CPU
		{5FD65789-A5B4-4830-B848-CDF8DD6FD190}.Release|Any CPU.ActiveCfg = Release|Any CPU
		{5FD65789-A5B4-4830-B848-CDF8DD6FD190}.Release|Any CPU.Build.0 = Release|Any CPU
		{0B562AED-62E5-41F9-95C0-71F550B9AAFA}.Debug|Any CPU.ActiveCfg = Debug|Any CPU
		{0B562AED-62E5-41F9-95C0-71F550B9AAFA}.Debug|Any CPU.Build.0 = Debug|Any CPU
		{0B562AED-62E5-41F9-95C0-71F550B9AAFA}.Release|Any CPU.ActiveCfg = Release|Any CPU
		{0B562AED-62E5-41F9-95C0-71F550B9AAFA}.Release|Any CPU.Build.0 = Release|Any CPU
		{E2DBC1C1-F2D8-4966-8A87-9D2470E77921}.Debug|Any CPU.ActiveCfg = Debug|Any CPU
		{E2DBC1C1-F2D8-4966-8A87-9D2470E77921}.Debug|Any CPU.Build.0 = Debug|Any CPU
		{E2DBC1C1-F2D8-4966-8A87-9D2470E77921}.Release|Any CPU.ActiveCfg = Release|Any CPU
		{E2DBC1C1-F2D8-4966-8A87-9D2470E77921}.Release|Any CPU.Build.0 = Release|Any CPU
		{BBC43816-3344-4961-8828-D6DB17FB566B}.Debug|Any CPU.ActiveCfg = Debug|Any CPU
		{BBC43816-3344-4961-8828-D6DB17FB566B}.Debug|Any CPU.Build.0 = Debug|Any CPU
		{BBC43816-3344-4961-8828-D6DB17FB566B}.Release|Any CPU.ActiveCfg = Release|Any CPU
		{BBC43816-3344-4961-8828-D6DB17FB566B}.Release|Any CPU.Build.0 = Release|Any CPU
		{EC100B06-136D-4149-8FDA-2C3AD640DDC0}.Debug|Any CPU.ActiveCfg = Debug|Any CPU
		{EC100B06-136D-4149-8FDA-2C3AD640DDC0}.Debug|Any CPU.Build.0 = Debug|Any CPU
		{EC100B06-136D-4149-8FDA-2C3AD640DDC0}.Release|Any CPU.ActiveCfg = Release|Any CPU
		{EC100B06-136D-4149-8FDA-2C3AD640DDC0}.Release|Any CPU.Build.0 = Release|Any CPU
		{14EBC067-C369-44E4-BDF3-B631FF83DBF5}.Debug|Any CPU.ActiveCfg = Debug|Any CPU
		{14EBC067-C369-44E4-BDF3-B631FF83DBF5}.Debug|Any CPU.Build.0 = Debug|Any CPU
		{14EBC067-C369-44E4-BDF3-B631FF83DBF5}.Release|Any CPU.ActiveCfg = Release|Any CPU
		{14EBC067-C369-44E4-BDF3-B631FF83DBF5}.Release|Any CPU.Build.0 = Release|Any CPU
		{4EA7FA3E-7985-41E9-A579-5A0626640CB6}.Debug|Any CPU.ActiveCfg = Debug|Any CPU
		{4EA7FA3E-7985-41E9-A579-5A0626640CB6}.Debug|Any CPU.Build.0 = Debug|Any CPU
		{4EA7FA3E-7985-41E9-A579-5A0626640CB6}.Release|Any CPU.ActiveCfg = Release|Any CPU
		{4EA7FA3E-7985-41E9-A579-5A0626640CB6}.Release|Any CPU.Build.0 = Release|Any CPU
		{94BE3688-0B27-42AF-B8AB-6DA631CE289F}.Debug|Any CPU.ActiveCfg = Debug|Any CPU
		{94BE3688-0B27-42AF-B8AB-6DA631CE289F}.Debug|Any CPU.Build.0 = Debug|Any CPU
		{94BE3688-0B27-42AF-B8AB-6DA631CE289F}.Release|Any CPU.ActiveCfg = Release|Any CPU
		{94BE3688-0B27-42AF-B8AB-6DA631CE289F}.Release|Any CPU.Build.0 = Release|Any CPU
	EndGlobalSection
	GlobalSection(SolutionProperties) = preSolution
		HideSolutionNode = FALSE
	EndGlobalSection
	GlobalSection(NestedProjects) = preSolution
		{A92D5578-E434-4468-99EC-EAD514A73D2B} = {7F38F1EC-4185-4BD5-A9C5-CAFA6F3D2111}
		{5FD65789-A5B4-4830-B848-CDF8DD6FD190} = {7F38F1EC-4185-4BD5-A9C5-CAFA6F3D2111}
		{0B562AED-62E5-41F9-95C0-71F550B9AAFA} = {7F38F1EC-4185-4BD5-A9C5-CAFA6F3D2111}
		{E2DBC1C1-F2D8-4966-8A87-9D2470E77921} = {7F38F1EC-4185-4BD5-A9C5-CAFA6F3D2111}
		{BBC43816-3344-4961-8828-D6DB17FB566B} = {49712D5E-73C6-4929-A1C4-4E67405C960F}
		{EC100B06-136D-4149-8FDA-2C3AD640DDC0} = {AE770859-0010-4936-AB8C-17955D22F619}
		{14EBC067-C369-44E4-BDF3-B631FF83DBF5} = {AE770859-0010-4936-AB8C-17955D22F619}
		{4EA7FA3E-7985-41E9-A579-5A0626640CB6} = {7F38F1EC-4185-4BD5-A9C5-CAFA6F3D2111}
		{94BE3688-0B27-42AF-B8AB-6DA631CE289F} = {C3D102D3-94B3-48E5-AAB6-006DE79A2A03}
	EndGlobalSection
	GlobalSection(ExtensibilityGlobals) = postSolution
		SolutionGuid = {0D7B4497-914C-4CB1-92B3-D405E8DC963D}
	EndGlobalSection
EndGlobal
